
Microsoft Visual Studio Solution File, Format Version 12.00
# Visual Studio Version 16
VisualStudioVersion = 16.0.31321.278
MinimumVisualStudioVersion = 10.0.40219.1
Project("{FAE04EC0-301F-11D3-BF4B-00C04F79EFBC}") = "Biblioteca", "Biblioteca\Biblioteca.csproj", "{3251B742-692A-4D0A-88B0-DBFD14C3A689}"
EndProject
Global
	GlobalSection(SolutionConfigurationPlatforms) = preSolution
		Debug|Any CPU = Debug|Any CPU
		Release|Any CPU = Release|Any CPU
	EndGlobalSection
	GlobalSection(ProjectConfigurationPlatforms) = postSolution
		{3251B742-692A-4D0A-88B0-DBFD14C3A689}.Debug|Any CPU.ActiveCfg = Debug|Any CPU
		{3251B742-692A-4D0A-88B0-DBFD14C3A689}.Debug|Any CPU.Build.0 = Debug|Any CPU
		{3251B742-692A-4D0A-88B0-DBFD14C3A689}.Release|Any CPU.ActiveCfg = Release|Any CPU
		{3251B742-692A-4D0A-88B0-DBFD14C3A689}.Release|Any CPU.Build.0 = Release|Any CPU
	EndGlobalSection
	GlobalSection(SolutionProperties) = preSolution
		HideSolutionNode = FALSE
	EndGlobalSection
	GlobalSection(ExtensibilityGlobals) = postSolution
		SolutionGuid = {22F972D9-2BC3-460D-A027-584845F3B88A}
	EndGlobalSection
EndGlobal
